{
  "version": 4,
  "terraform_version": "1.12.2",
  "serial": 5,
  "lineage": "42fc53a6-5e4c-7f27-e976-f9f4fd502337",
  "outputs": {},
  "resources": [
    {
      "mode": "managed",
      "type": "aws_subnet",
      "name": "subnet-1",
      "provider": "provider[\"registry.terraform.io/hashicorp/aws\"]",
      "instances": [
        {
          "schema_version": 1,
          "attributes": {
            "arn": "arn:aws:ec2:ca-central-1:106669866400:subnet/subnet-04248d7b2d65b4010",
            "assign_ipv6_address_on_creation": false,
            "availability_zone": "ca-central-1a",
            "availability_zone_id": "cac1-az1",
            "cidr_block": "10.1.1.0/24",
            "customer_owned_ipv4_pool": "",
            "enable_dns64": false,
            "enable_lni_at_device_index": 0,
            "enable_resource_name_dns_a_record_on_launch": false,
            "enable_resource_name_dns_aaaa_record_on_launch": false,
            "id": "subnet-04248d7b2d65b4010",
            "ipv4_ipam_pool_id": null,
            "ipv4_netmask_length": null,
            "ipv6_cidr_block": "",
            "ipv6_cidr_block_association_id": "",
            "ipv6_ipam_pool_id": null,
            "ipv6_native": false,
            "ipv6_netmask_length": null,
            "map_customer_owned_ip_on_launch": false,
            "map_public_ip_on_launch": false,
            "outpost_arn": "",
            "owner_id": "106669866400",
            "private_dns_hostname_type_on_launch": "ip-name",
            "region": "ca-central-1",
            "tags": {
              "Name": "VsCode \u003e Testing \u003e Subnet-1"
            },
            "tags_all": {
              "Name": "VsCode \u003e Testing \u003e Subnet-1"
            },
            "timeouts": null,
            "vpc_id": "vpc-0ae0676101abed323"
          },
          "sensitive_attributes": [],
          "identity_schema_version": 0,
          "identity": {
            "account_id": "106669866400",
            "id": "subnet-04248d7b2d65b4010",
            "region": "ca-central-1"
          },
          "private": "eyJlMmJmYjczMC1lY2FhLTExZTYtOGY4OC0zNDM2M2JjN2M0YzAiOnsiY3JlYXRlIjo2MDAwMDAwMDAwMDAsImRlbGV0ZSI6MTIwMDAwMDAwMDAwMH0sInNjaGVtYV92ZXJzaW9uIjoiMSJ9",
          "dependencies": [
            "aws_vpc.demoVPc"
          ]
        }
      ]
    },
    {
      "mode": "managed",
      "type": "aws_vpc",
      "name": "demoVPc",
      "provider": "provider[\"registry.terraform.io/hashicorp/aws\"]",
      "instances": [
        {
          "schema_version": 1,
          "attributes": {
            "arn": "arn:aws:ec2:ca-central-1:106669866400:vpc/vpc-0ae0676101abed323",
            "assign_generated_ipv6_cidr_block": false,
            "cidr_block": "10.1.0.0/16",
            "default_network_acl_id": "acl-0eff6928a2aa6ccfa",
            "default_route_table_id": "rtb-02a7d0a0d75141b36",
            "default_security_group_id": "sg-0a5df6c6969566b59",
            "dhcp_options_id": "dopt-05a1da5a81a82ca56",
            "enable_dns_hostnames": false,
            "enable_dns_support": true,
            "enable_network_address_usage_metrics": false,
            "id": "vpc-0ae0676101abed323",
            "instance_tenancy": "default",
            "ipv4_ipam_pool_id": null,
            "ipv4_netmask_length": null,
            "ipv6_association_id": "",
            "ipv6_cidr_block": "",
            "ipv6_cidr_block_network_border_group": "",
            "ipv6_ipam_pool_id": "",
            "ipv6_netmask_length": 0,
            "main_route_table_id": "rtb-02a7d0a0d75141b36",
            "owner_id": "106669866400",
            "region": "ca-central-1",
            "tags": {
              "Name": "VsCode \u003e Testing \u003e VPC-1 "
            },
            "tags_all": {
              "Name": "VsCode \u003e Testing \u003e VPC-1 "
            }
          },
          "sensitive_attributes": [],
          "identity_schema_version": 0,
          "identity": {
            "account_id": "106669866400",
            "id": "vpc-0ae0676101abed323",
            "region": "ca-central-1"
          },
          "private": "eyJzY2hlbWFfdmVyc2lvbiI6IjEifQ=="
        }
      ]
    }
  ],
  "check_results": null
}
